PODS:
  - BinaryFrameworkExample (0.1.0)

DEPENDENCIES:
  - "BinaryFrameworkExample (from `git@github.com:chittaponCTO/BinaryFrameworkExample.git`)"

EXTERNAL SOURCES:
  BinaryFrameworkExample:
    :git: "git@github.com:chittaponCTO/BinaryFrameworkExample.git"

CHECKOUT OPTIONS:
  BinaryFrameworkExample:
    :commit: e50b23035cf159888ad47929b1d3a08a8b3d54bb
    :git: "git@github.com:chittaponCTO/BinaryFrameworkExample.git"

SPEC CHECKSUMS:
  BinaryFrameworkExample: ff5dbed6c08f147f03364e5e6c33bdc8dfa1127a

PODFILE CHECKSUM: bec06c911e36bfca9ed9d8d92b40dacd46219ef2

COCOAPODS: 1.11.2
